
Microsoft Visual Studio Solution File, Format Version 12.00
# Visual Studio Version 17
VisualStudioVersion = 17.1.32210.238
MinimumVisualStudioVersion = 10.0.40219.1
Project("{FAE04EC0-301F-11D3-BF4B-00C04F79EFBC}") = "uc-1", "uc-1.csproj", "{5D35EE0E-DCA3-4725-B562-BF80C79E14A3}"
EndProject
Global
	GlobalSection(SolutionConfigurationPlatforms) = preSolution
		Debug|Any CPU = Debug|Any CPU
		Release|Any CPU = Release|Any CPU
	EndGlobalSection
	GlobalSection(ProjectConfigurationPlatforms) = postSolution
		{5D35EE0E-DCA3-4725-B562-BF80C79E14A3}.Debug|Any CPU.ActiveCfg = Debug|Any CPU
		{5D35EE0E-DCA3-4725-B562-BF80C79E14A3}.Debug|Any CPU.Build.0 = Debug|Any CPU
		{5D35EE0E-DCA3-4725-B562-BF80C79E14A3}.Release|Any CPU.ActiveCfg = Release|Any CPU
		{5D35EE0E-DCA3-4725-B562-BF80C79E14A3}.Release|Any CPU.Build.0 = Release|Any CPU
	EndGlobalSection
	GlobalSection(SolutionProperties) = preSolution
		HideSolutionNode = FALSE
	EndGlobalSection
	GlobalSection(ExtensibilityGlobals) = postSolution
		SolutionGuid = {C83D3383-AFAA-454A-B319-C7973C0AC9F7}
	EndGlobalSection
EndGlobal
