
Microsoft Visual Studio Solution File, Format Version 12.00
# Visual Studio Version 17
VisualStudioVersion = 17.1.32210.238
MinimumVisualStudioVersion = 10.0.40219.1
Project("{FAE04EC0-301F-11D3-BF4B-00C04F79EFBC}") = "uc-3", "uc-3.csproj", "{6618B8DD-7A3C-4E03-B5D3-49420D96800D}"
EndProject
Global
	GlobalSection(SolutionConfigurationPlatforms) = preSolution
		Debug|Any CPU = Debug|Any CPU
		Release|Any CPU = Release|Any CPU
	EndGlobalSection
	GlobalSection(ProjectConfigurationPlatforms) = postSolution
		{6618B8DD-7A3C-4E03-B5D3-49420D96800D}.Debug|Any CPU.ActiveCfg = Debug|Any CPU
		{6618B8DD-7A3C-4E03-B5D3-49420D96800D}.Debug|Any CPU.Build.0 = Debug|Any CPU
		{6618B8DD-7A3C-4E03-B5D3-49420D96800D}.Release|Any CPU.ActiveCfg = Release|Any CPU
		{6618B8DD-7A3C-4E03-B5D3-49420D96800D}.Release|Any CPU.Build.0 = Release|Any CPU
	EndGlobalSection
	GlobalSection(SolutionProperties) = preSolution
		HideSolutionNode = FALSE
	EndGlobalSection
	GlobalSection(ExtensibilityGlobals) = postSolution
		SolutionGuid = {B26FDBA3-629B-40E0-B804-E5DC3926DFB9}
	EndGlobalSection
EndGlobal
